
Microsoft Visual Studio Solution File, Format Version 12.00
# Visual Studio Version 17
VisualStudioVersion = 17.9.34622.214
MinimumVisualStudioVersion = 10.0.40219.1
Project("{9A19103F-16F7-4668-BE54-9A1E7A4F7556}") = "ShopMvcApp_PD211", "ShopMvcApp_PD211\ShopMvcApp_PD211.csproj", "{741F4358-5077-4332-AF8E-5D501C012364}"
EndProject
Project("{FAE04EC0-301F-11D3-BF4B-00C04F79EFBC}") = "Data", "Data\Data.csproj", "{00254729-CBD9-459B-B25C-34F306180162}"
EndProject
Project("{FAE04EC0-301F-11D3-BF4B-00C04F79EFBC}") = "Core", "Core\Core.csproj", "{6FF1AE03-58D0-4FCE-8E05-C2EE92690167}"
EndProject
Global
	GlobalSection(SolutionConfigurationPlatforms) = preSolution
		Debug|Any CPU = Debug|Any CPU
		Release|Any CPU = Release|Any CPU
	EndGlobalSection
	GlobalSection(ProjectConfigurationPlatforms) = postSolution
		{741F4358-5077-4332-AF8E-5D501C012364}.Debug|Any CPU.ActiveCfg = Debug|Any CPU
		{741F4358-5077-4332-AF8E-5D501C012364}.Debug|Any CPU.Build.0 = Debug|Any CPU
		{741F4358-5077-4332-AF8E-5D501C012364}.Release|Any CPU.ActiveCfg = Release|Any CPU
		{741F4358-5077-4332-AF8E-5D501C012364}.Release|Any CPU.Build.0 = Release|Any CPU
		{00254729-CBD9-459B-B25C-34F306180162}.Debug|Any CPU.ActiveCfg = Debug|Any CPU
		{00254729-CBD9-459B-B25C-34F306180162}.Debug|Any CPU.Build.0 = Debug|Any CPU
		{00254729-CBD9-459B-B25C-34F306180162}.Release|Any CPU.ActiveCfg = Release|Any CPU
		{00254729-CBD9-459B-B25C-34F306180162}.Release|Any CPU.Build.0 = Release|Any CPU
		{6FF1AE03-58D0-4FCE-8E05-C2EE92690167}.Debug|Any CPU.ActiveCfg = Debug|Any CPU
		{6FF1AE03-58D0-4FCE-8E05-C2EE92690167}.Debug|Any CPU.Build.0 = Debug|Any CPU
		{6FF1AE03-58D0-4FCE-8E05-C2EE92690167}.Release|Any CPU.ActiveCfg = Release|Any CPU
		{6FF1AE03-58D0-4FCE-8E05-C2EE92690167}.Release|Any CPU.Build.0 = Release|Any CPU
	EndGlobalSection
	GlobalSection(SolutionProperties) = preSolution
		HideSolutionNode = FALSE
	EndGlobalSection
	GlobalSection(ExtensibilityGlobals) = postSolution
		SolutionGuid = {C59BBF61-0888-4314-86A7-F788B7F86AF8}
	EndGlobalSection
EndGlobal
